
Microsoft Visual Studio Solution File, Format Version 12.00
# Visual Studio 15
VisualStudioVersion = 15.0.27428.2005
MinimumVisualStudioVersion = 10.0.40219.1
Project("{FAE04EC0-301F-11D3-BF4B-00C04F79EFBC}") = "Communication", "Communication\Communication.csproj", "{189DC0AB-37C2-40B6-B52A-D720E314AA07}"
EndProject
Project("{FAE04EC0-301F-11D3-BF4B-00C04F79EFBC}") = "Server", "Server\Server.csproj", "{723B9251-BFE8-4199-8EE7-6D0B232F8A1B}"
EndProject
Global
	GlobalSection(SolutionConfigurationPlatforms) = preSolution
		Ad-Hoc|Any CPU = Ad-Hoc|Any CPU
		Ad-Hoc|ARM = Ad-Hoc|ARM
		Ad-Hoc|iPhone = Ad-Hoc|iPhone
		Ad-Hoc|iPhoneSimulator = Ad-Hoc|iPhoneSimulator
		Ad-Hoc|x64 = Ad-Hoc|x64
		Ad-Hoc|x86 = Ad-Hoc|x86
		AppStore|Any CPU = AppStore|Any CPU
		AppStore|ARM = AppStore|ARM
		AppStore|iPhone = AppStore|iPhone
		AppStore|iPhoneSimulator = AppStore|iPhoneSimulator
		AppStore|x64 = AppStore|x64
		AppStore|x86 = AppStore|x86
		Debug|Any CPU = Debug|Any CPU
		Debug|ARM = Debug|ARM
		Debug|iPhone = Debug|iPhone
		Debug|iPhoneSimulator = Debug|iPhoneSimulator
		Debug|x64 = Debug|x64
		Debug|x86 = Debug|x86
		Release|Any CPU = Release|Any CPU
		Release|ARM = Release|ARM
		Release|iPhone = Release|iPhone
		Release|iPhoneSimulator = Release|iPhoneSimulator
		Release|x64 = Release|x64
		Release|x86 = Release|x86
	EndGlobalSection
	GlobalSection(ProjectConfigurationPlatforms) = postSolution
		{189DC0AB-37C2-40B6-B52A-D720E314AA07}.Ad-Hoc|Any CPU.ActiveCfg = Release|Any CPU
		{189DC0AB-37C2-40B6-B52A-D720E314AA07}.Ad-Hoc|Any CPU.Build.0 = Release|Any CPU
		{189DC0AB-37C2-40B6-B52A-D720E314AA07}.Ad-Hoc|ARM.ActiveCfg = Release|Any CPU
		{189DC0AB-37C2-40B6-B52A-D720E314AA07}.Ad-Hoc|ARM.Build.0 = Release|Any CPU
		{189DC0AB-37C2-40B6-B52A-D720E314AA07}.Ad-Hoc|iPhone.ActiveCfg = Release|Any CPU
		{189DC0AB-37C2-40B6-B52A-D720E314AA07}.Ad-Hoc|iPhone.Build.0 = Release|Any CPU
		{189DC0AB-37C2-40B6-B52A-D720E314AA07}.Ad-Hoc|iPhoneSimulator.ActiveCfg = Release|Any CPU
		{189DC0AB-37C2-40B6-B52A-D720E314AA07}.Ad-Hoc|iPhoneSimulator.Build.0 = Release|Any CPU
		{189DC0AB-37C2-40B6-B52A-D720E314AA07}.Ad-Hoc|x64.ActiveCfg = Release|Any CPU
		{189DC0AB-37C2-40B6-B52A-D720E314AA07}.Ad-Hoc|x64.Build.0 = Release|Any CPU
		{189DC0AB-37C2-40B6-B52A-D720E314AA07}.Ad-Hoc|x86.ActiveCfg = Release|Any CPU
		{189DC0AB-37C2-40B6-B52A-D720E314AA07}.Ad-Hoc|x86.Build.0 = Release|Any CPU
		{189DC0AB-37C2-40B6-B52A-D720E314AA07}.AppStore|Any CPU.ActiveCfg = Release|Any CPU
		{189DC0AB-37C2-40B6-B52A-D720E314AA07}.AppStore|Any CPU.Build.0 = Release|Any CPU
		{189DC0AB-37C2-40B6-B52A-D720E314AA07}.AppStore|ARM.ActiveCfg = Release|Any CPU
		{189DC0AB-37C2-40B6-B52A-D720E314AA07}.AppStore|ARM.Build.0 = Release|Any CPU
		{189DC0AB-37C2-40B6-B52A-D720E314AA07}.AppStore|iPhone.ActiveCfg = Release|Any CPU
		{189DC0AB-37C2-40B6-B52A-D720E314AA07}.AppStore|iPhone.Build.0 = Release|Any CPU
		{189DC0AB-37C2-40B6-B52A-D720E314AA07}.AppStore|iPhoneSimulator.ActiveCfg = Release|Any CPU
		{189DC0AB-37C2-40B6-B52A-D720E314AA07}.AppStore|iPhoneSimulator.Build.0 = Release|Any CPU
		{189DC0AB-37C2-40B6-B52A-D720E314AA07}.AppStore|x64.ActiveCfg = Release|Any CPU
		{189DC0AB-37C2-40B6-B52A-D720E314AA07}.AppStore|x64.Build.0 = Release|Any CPU
		{189DC0AB-37C2-40B6-B52A-D720E314AA07}.AppStore|x86.ActiveCfg = Release|Any CPU
		{189DC0AB-37C2-40B6-B52A-D720E314AA07}.AppStore|x86.Build.0 = Release|Any CPU
		{189DC0AB-37C2-40B6-B52A-D720E314AA07}.Debug|Any CPU.ActiveCfg = Debug|Any CPU
		{189DC0AB-37C2-40B6-B52A-D720E314AA07}.Debug|Any CPU.Build.0 = Debug|Any CPU
		{189DC0AB-37C2-40B6-B52A-D720E314AA07}.Debug|ARM.ActiveCfg = Debug|Any CPU
		{189DC0AB-37C2-40B6-B52A-D720E314AA07}.Debug|ARM.Build.0 = Debug|Any CPU
		{189DC0AB-37C2-40B6-B52A-D720E314AA07}.Debug|iPhone.ActiveCfg = Debug|Any CPU
		{189DC0AB-37C2-40B6-B52A-D720E314AA07}.Debug|iPhone.Build.0 = Debug|Any CPU
		{189DC0AB-37C2-40B6-B52A-D720E314AA07}.Debug|iPhoneSimulator.ActiveCfg = Debug|Any CPU
		{189DC0AB-37C2-40B6-B52A-D720E314AA07}.Debug|iPhoneSimulator.Build.0 = Debug|Any CPU
		{189DC0AB-37C2-40B6-B52A-D720E314AA07}.Debug|x64.ActiveCfg = Debug|Any CPU
		{189DC0AB-37C2-40B6-B52A-D720E314AA07}.Debug|x64.Build.0 = Debug|Any CPU
		{189DC0AB-37C2-40B6-B52A-D720E314AA07}.Debug|x86.ActiveCfg = Debug|Any CPU
		{189DC0AB-37C2-40B6-B52A-D720E314AA07}.Debug|x86.Build.0 = Debug|Any CPU
		{189DC0AB-37C2-40B6-B52A-D720E314AA07}.Release|Any CPU.ActiveCfg = Release|Any CPU
		{189DC0AB-37C2-40B6-B52A-D720E314AA07}.Release|Any CPU.Build.0 = Release|Any CPU
		{189DC0AB-37C2-40B6-B52A-D720E314AA07}.Release|ARM.ActiveCfg = Release|Any CPU
		{189DC0AB-37C2-40B6-B52A-D720E314AA07}.Release|ARM.Build.0 = Release|Any CPU
		{189DC0AB-37C2-40B6-B52A-D720E314AA07}.Release|iPhone.ActiveCfg = Release|Any CPU
		{189DC0AB-37C2-40B6-B52A-D720E314AA07}.Release|iPhone.Build.0 = Release|Any CPU
		{189DC0AB-37C2-40B6-B52A-D720E314AA07}.Release|iPhoneSimulator.ActiveCfg = Release|Any CPU
		{189DC0AB-37C2-40B6-B52A-D720E314AA07}.Release|iPhoneSimulator.Build.0 = Release|Any CPU
		{189DC0AB-37C2-40B6-B52A-D720E314AA07}.Release|x64.ActiveCfg = Release|Any CPU
		{189DC0AB-37C2-40B6-B52A-D720E314AA07}.Release|x64.Build.0 = Release|Any CPU
		{189DC0AB-37C2-40B6-B52A-D720E314AA07}.Release|x86.ActiveCfg = Release|Any CPU
		{189DC0AB-37C2-40B6-B52A-D720E314AA07}.Release|x86.Build.0 = Release|Any CPU
		{723B9251-BFE8-4199-8EE7-6D0B232F8A1B}.Ad-Hoc|Any CPU.ActiveCfg = Release|Any CPU
		{723B9251-BFE8-4199-8EE7-6D0B232F8A1B}.Ad-Hoc|Any CPU.Build.0 = Release|Any CPU
		{723B9251-BFE8-4199-8EE7-6D0B232F8A1B}.Ad-Hoc|ARM.ActiveCfg = Release|Any CPU
		{723B9251-BFE8-4199-8EE7-6D0B232F8A1B}.Ad-Hoc|ARM.Build.0 = Release|Any CPU
		{723B9251-BFE8-4199-8EE7-6D0B232F8A1B}.Ad-Hoc|iPhone.ActiveCfg = Release|Any CPU
		{723B9251-BFE8-4199-8EE7-6D0B232F8A1B}.Ad-Hoc|iPhone.Build.0 = Release|Any CPU
		{723B9251-BFE8-4199-8EE7-6D0B232F8A1B}.Ad-Hoc|iPhoneSimulator.ActiveCfg = Release|Any CPU
		{723B9251-BFE8-4199-8EE7-6D0B232F8A1B}.Ad-Hoc|iPhoneSimulator.Build.0 = Release|Any CPU
		{723B9251-BFE8-4199-8EE7-6D0B232F8A1B}.Ad-Hoc|x64.ActiveCfg = Release|Any CPU
		{723B9251-BFE8-4199-8EE7-6D0B232F8A1B}.Ad-Hoc|x64.Build.0 = Release|Any CPU
		{723B9251-BFE8-4199-8EE7-6D0B232F8A1B}.Ad-Hoc|x86.ActiveCfg = Release|Any CPU
		{723B9251-BFE8-4199-8EE7-6D0B232F8A1B}.Ad-Hoc|x86.Build.0 = Release|Any CPU
		{723B9251-BFE8-4199-8EE7-6D0B232F8A1B}.AppStore|Any CPU.ActiveCfg = Release|Any CPU
		{723B9251-BFE8-4199-8EE7-6D0B232F8A1B}.AppStore|Any CPU.Build.0 = Release|Any CPU
		{723B9251-BFE8-4199-8EE7-6D0B232F8A1B}.AppStore|ARM.ActiveCfg = Release|Any CPU
		{723B9251-BFE8-4199-8EE7-6D0B232F8A1B}.AppStore|ARM.Build.0 = Release|Any CPU
		{723B9251-BFE8-4199-8EE7-6D0B232F8A1B}.AppStore|iPhone.ActiveCfg = Release|Any CPU
		{723B9251-BFE8-4199-8EE7-6D0B232F8A1B}.AppStore|iPhone.Build.0 = Release|Any CPU
		{723B9251-BFE8-4199-8EE7-6D0B232F8A1B}.AppStore|iPhoneSimulator.ActiveCfg = Release|Any CPU
		{723B9251-BFE8-4199-8EE7-6D0B232F8A1B}.AppStore|iPhoneSimulator.Build.0 = Release|Any CPU
		{723B9251-BFE8-4199-8EE7-6D0B232F8A1B}.AppStore|x64.ActiveCfg = Release|Any CPU
		{723B9251-BFE8-4199-8EE7-6D0B232F8A1B}.AppStore|x64.Build.0 = Release|Any CPU
		{723B9251-BFE8-4199-8EE7-6D0B232F8A1B}.AppStore|x86.ActiveCfg = Release|Any CPU
		{723B9251-BFE8-4199-8EE7-6D0B232F8A1B}.AppStore|x86.Build.0 = Release|Any CPU
		{723B9251-BFE8-4199-8EE7-6D0B232F8A1B}.Debug|Any CPU.ActiveCfg = Debug|Any CPU
		{723B9251-BFE8-4199-8EE7-6D0B232F8A1B}.Debug|Any CPU.Build.0 = Debug|Any CPU
		{723B9251-BFE8-4199-8EE7-6D0B232F8A1B}.Debug|ARM.ActiveCfg = Debug|Any CPU
		{723B9251-BFE8-4199-8EE7-6D0B232F8A1B}.Debug|ARM.Build.0 = Debug|Any CPU
		{723B9251-BFE8-4199-8EE7-6D0B232F8A1B}.Debug|iPhone.ActiveCfg = Debug|Any CPU
		{723B9251-BFE8-4199-8EE7-6D0B232F8A1B}.Debug|iPhone.Build.0 = Debug|Any CPU
		{723B9251-BFE8-4199-8EE7-6D0B232F8A1B}.Debug|iPhoneSimulator.ActiveCfg = Debug|Any CPU
		{723B9251-BFE8-4199-8EE7-6D0B232F8A1B}.Debug|iPhoneSimulator.Build.0 = Debug|Any CPU
		{723B9251-BFE8-4199-8EE7-6D0B232F8A1B}.Debug|x64.ActiveCfg = Debug|Any CPU
		{723B9251-BFE8-4199-8EE7-6D0B232F8A1B}.Debug|x64.Build.0 = Debug|Any CPU
		{723B9251-BFE8-4199-8EE7-6D0B232F8A1B}.Debug|x86.ActiveCfg = Debug|Any CPU
		{723B9251-BFE8-4199-8EE7-6D0B232F8A1B}.Debug|x86.Build.0 = Debug|Any CPU
		{723B9251-BFE8-4199-8EE7-6D0B232F8A1B}.Release|Any CPU.ActiveCfg = Release|Any CPU
		{723B9251-BFE8-4199-8EE7-6D0B232F8A1B}.Release|Any CPU.Build.0 = Release|Any CPU
		{723B9251-BFE8-4199-8EE7-6D0B232F8A1B}.Release|ARM.ActiveCfg = Release|Any CPU
		{723B9251-BFE8-4199-8EE7-6D0B232F8A1B}.Release|ARM.Build.0 = Release|Any CPU
		{723B9251-BFE8-4199-8EE7-6D0B232F8A1B}.Release|iPhone.ActiveCfg = Release|Any CPU
		{723B9251-BFE8-4199-8EE7-6D0B232F8A1B}.Release|iPhone.Build.0 = Release|Any CPU
		{723B9251-BFE8-4199-8EE7-6D0B232F8A1B}.Release|iPhoneSimulator.ActiveCfg = Release|Any CPU
		{723B9251-BFE8-4199-8EE7-6D0B232F8A1B}.Release|iPhoneSimulator.Build.0 = Release|Any CPU
		{723B9251-BFE8-4199-8EE7-6D0B232F8A1B}.Release|x64.ActiveCfg = Release|Any CPU
		{723B9251-BFE8-4199-8EE7-6D0B232F8A1B}.Release|x64.Build.0 = Release|Any CPU
		{723B9251-BFE8-4199-8EE7-6D0B232F8A1B}.Release|x86.ActiveCfg = Release|Any CPU
		{723B9251-BFE8-4199-8EE7-6D0B232F8A1B}.Release|x86.Build.0 = Release|Any CPU
	EndGlobalSection
	GlobalSection(SolutionProperties) = preSolution
		HideSolutionNode = FALSE
	EndGlobalSection
	GlobalSection(ExtensibilityGlobals) = postSolution
		SolutionGuid = {F796F671-EA1B-4D04-84F7-5D4A822D55DA}
	EndGlobalSection
EndGlobal
